
Microsoft Visual Studio Solution File, Format Version 12.00
# Visual Studio Version 16
VisualStudioVersion = 16.0.30114.105
MinimumVisualStudioVersion = 10.0.40219.1
Project("{FAE04EC0-301F-11D3-BF4B-00C04F79EFBC}") = "CloudWeather.DataLoader", "CloudWeather.DataLoader\CloudWeather.DataLoader.csproj", "{9358A8D9-421B-4C91-98FC-126893CFA0ED}"
EndProject
Project("{FAE04EC0-301F-11D3-BF4B-00C04F79EFBC}") = "CloudWeather.Precipitation", "CloudWeather.Precipitation\CloudWeather.Precipitation.csproj", "{12B137C5-994A-42D2-A4A1-028F04A99117}"
EndProject
Project("{FAE04EC0-301F-11D3-BF4B-00C04F79EFBC}") = "CloudWeather.Report", "CloudWeather.Report\CloudWeather.Report.csproj", "{2DCA5E97-CFF8-47D2-B1C7-66A63046FC20}"
EndProject
Project("{FAE04EC0-301F-11D3-BF4B-00C04F79EFBC}") = "CloudWeather.Temperature", "CloudWeather.Temperature\CloudWeather.Temperature.csproj", "{A06902AE-F0A1-4AC3-8BE4-FDF793FFE016}"
EndProject
Global
	GlobalSection(SolutionConfigurationPlatforms) = preSolution
		Debug|Any CPU = Debug|Any CPU
		Release|Any CPU = Release|Any CPU
	EndGlobalSection
	GlobalSection(SolutionProperties) = preSolution
		HideSolutionNode = FALSE
	EndGlobalSection
	GlobalSection(ProjectConfigurationPlatforms) = postSolution
		{9358A8D9-421B-4C91-98FC-126893CFA0ED}.Debug|Any CPU.ActiveCfg = Debug|Any CPU
		{9358A8D9-421B-4C91-98FC-126893CFA0ED}.Debug|Any CPU.Build.0 = Debug|Any CPU
		{9358A8D9-421B-4C91-98FC-126893CFA0ED}.Release|Any CPU.ActiveCfg = Release|Any CPU
		{9358A8D9-421B-4C91-98FC-126893CFA0ED}.Release|Any CPU.Build.0 = Release|Any CPU
		{12B137C5-994A-42D2-A4A1-028F04A99117}.Debug|Any CPU.ActiveCfg = Debug|Any CPU
		{12B137C5-994A-42D2-A4A1-028F04A99117}.Debug|Any CPU.Build.0 = Debug|Any CPU
		{12B137C5-994A-42D2-A4A1-028F04A99117}.Release|Any CPU.ActiveCfg = Release|Any CPU
		{12B137C5-994A-42D2-A4A1-028F04A99117}.Release|Any CPU.Build.0 = Release|Any CPU
		{2DCA5E97-CFF8-47D2-B1C7-66A63046FC20}.Debug|Any CPU.ActiveCfg = Debug|Any CPU
		{2DCA5E97-CFF8-47D2-B1C7-66A63046FC20}.Debug|Any CPU.Build.0 = Debug|Any CPU
		{2DCA5E97-CFF8-47D2-B1C7-66A63046FC20}.Release|Any CPU.ActiveCfg = Release|Any CPU
		{2DCA5E97-CFF8-47D2-B1C7-66A63046FC20}.Release|Any CPU.Build.0 = Release|Any CPU
		{A06902AE-F0A1-4AC3-8BE4-FDF793FFE016}.Debug|Any CPU.ActiveCfg = Debug|Any CPU
		{A06902AE-F0A1-4AC3-8BE4-FDF793FFE016}.Debug|Any CPU.Build.0 = Debug|Any CPU
		{A06902AE-F0A1-4AC3-8BE4-FDF793FFE016}.Release|Any CPU.ActiveCfg = Release|Any CPU
		{A06902AE-F0A1-4AC3-8BE4-FDF793FFE016}.Release|Any CPU.Build.0 = Release|Any CPU
	EndGlobalSection
EndGlobal
